
Microsoft Visual Studio Solution File, Format Version 12.00
# Visual Studio Version 17
VisualStudioVersion = 17.2.32526.322
MinimumVisualStudioVersion = 10.0.40219.1
Project("{FAE04EC0-301F-11D3-BF4B-00C04F79EFBC}") = "MinimalAPI", "MinimalAPI\MinimalAPI.csproj", "{F7C5E5A5-B4DC-4233-B102-7833838F57AD}"
EndProject
Global
	GlobalSection(SolutionConfigurationPlatforms) = preSolution
		Debug|Any CPU = Debug|Any CPU
		Release|Any CPU = Release|Any CPU
	EndGlobalSection
	GlobalSection(ProjectConfigurationPlatforms) = postSolution
		{F7C5E5A5-B4DC-4233-B102-7833838F57AD}.Debug|Any CPU.ActiveCfg = Debug|Any CPU
		{F7C5E5A5-B4DC-4233-B102-7833838F57AD}.Debug|Any CPU.Build.0 = Debug|Any CPU
		{F7C5E5A5-B4DC-4233-B102-7833838F57AD}.Release|Any CPU.ActiveCfg = Release|Any CPU
		{F7C5E5A5-B4DC-4233-B102-7833838F57AD}.Release|Any CPU.Build.0 = Release|Any CPU
	EndGlobalSection
	GlobalSection(SolutionProperties) = preSolution
		HideSolutionNode = FALSE
	EndGlobalSection
	GlobalSection(ExtensibilityGlobals) = postSolution
		SolutionGuid = {029E68D2-6F90-481F-B240-E9EE91A19909}
	EndGlobalSection
EndGlobal
